PODS:
  - camerawesome (0.0.1):
    - Flutter
  - ffmpeg-kit-ios-audio (6.0)
  - ffmpeg_kit_flutter_audio (6.0.3):
    - ffmpeg_kit_flutter_audio/audio (= 6.0.3)
    - Flutter
  - ffmpeg_kit_flutter_audio/audio (6.0.3):
    - ffmpeg-kit-ios-audio (= 6.0)
    - Flutter
  - Flutter (1.0.0)
  - google_mlkit_barcode_scanning (0.14.1):
    - Flutter
    - google_mlkit_commons
    - GoogleMLKit/BarcodeScanning (~> 7.0.0)
  - google_mlkit_commons (0.11.0):
    - Flutter
    - MLKitVision
  - google_mlkit_face_detection (0.13.1):
    - Flutter
    - google_mlkit_commons
    - GoogleMLKit/FaceDetection (~> 7.0.0)
  - google_mlkit_text_recognition (0.15.0):
    - Flutter
    - google_mlkit_commons
    - GoogleMLKit/TextRecognition (~> 7.0.0)
  - GoogleDataTransport (10.1.0):
    - nanopb (~> 3.30910.0)
    - PromisesObjC (~> 2.4)
  - GoogleMLKit/BarcodeScanning (7.0.0):
    - GoogleMLKit/MLKitCore
    - MLKitBarcodeScanning (~> 6.0.0)
  - GoogleMLKit/FaceDetection (7.0.0):
    - GoogleMLKit/MLKitCore
    - MLKitFaceDetection (~> 6.0.0)
  - GoogleMLKit/MLKitCore (7.0.0):
    - MLKitCommon (~> 12.0.0)
  - GoogleMLKit/TextRecognition (7.0.0):
    - GoogleMLKit/MLKitCore
    - MLKitTextRecognition (~> 5.0.0)
  - GoogleToolboxForMac/Defines (4.2.1)
  - GoogleToolboxForMac/Logger (4.2.1):
    - GoogleToolboxForMac/Defines (= 4.2.1)
  - "GoogleToolboxForMac/NSData+zlib (4.2.1)":
    - GoogleToolboxForMac/Defines (= 4.2.1)
  - GoogleUtilities/Environment (8.0.2):
    - GoogleUtilities/Privacy
  - GoogleUtilities/Logger (8.0.2):
    - GoogleUtilities/Environment
    - GoogleUtilities/Privacy
  - GoogleUtilities/Privacy (8.0.2)
  - GoogleUtilities/UserDefaults (8.0.2):
    - GoogleUtilities/Logger
    - GoogleUtilities/Privacy
  - GTMSessionFetcher/Core (3.5.0)
  - image_gallery_saver_plus (0.0.1):
    - Flutter
  - MLImage (1.0.0-beta6)
  - MLKitBarcodeScanning (6.0.0):
    - MLKitCommon (~> 12.0)
    - MLKitVision (~> 8.0)
  - MLKitCommon (12.0.0):
    - GoogleDataTransport (~> 10.0)
    - GoogleToolboxForMac/Logger (< 5.0, >= 4.2.1)
    - "GoogleToolboxForMac/NSData+zlib (< 5.0, >= 4.2.1)"
    - GoogleUtilities/Logger (~> 8.0)
    - GoogleUtilities/UserDefaults (~> 8.0)
    - GTMSessionFetcher/Core (< 4.0, >= 3.3.2)
  - MLKitFaceDetection (6.0.0):
    - MLKitCommon (~> 12.0)
    - MLKitVision (~> 8.0)
  - MLKitTextRecognition (5.0.0):
    - MLKitCommon (~> 12.0)
    - MLKitTextRecognitionCommon (= 4.0.0)
    - MLKitVision (~> 8.0)
  - MLKitTextRecognitionCommon (4.0.0):
    - MLKitCommon (~> 12.0)
    - MLKitVision (~> 8.0)
  - MLKitVision (8.0.0):
    - GoogleToolboxForMac/Logger (< 5.0, >= 4.2.1)
    - "GoogleToolboxForMac/NSData+zlib (< 5.0, >= 4.2.1)"
    - GTMSessionFetcher/Core (< 4.0, >= 3.3.2)
    - MLImage (= 1.0.0-beta6)
    - MLKitCommon (~> 12.0)
  - nanopb (3.30910.0):
    - nanopb/decode (= 3.30910.0)
    - nanopb/encode (= 3.30910.0)
  - nanopb/decode (3.30910.0)
  - nanopb/encode (3.30910.0)
  - open_filex (0.0.2):
    - Flutter
  - path_provider_foundation (0.0.1):
    - Flutter
    - FlutterMacOS
  - PromisesObjC (2.4.0)
  - video_player_avfoundation (0.0.1):
    - Flutter
    - FlutterMacOS

DEPENDENCIES:
  - camerawesome (from `.symlinks/plugins/camerawesome/ios`)
  - ffmpeg-kit-ios-audio (from `/Users/apple/Downloads/GitHub/CamerAwesome/example/ios/Frameworks/ffmpeg-kit-ios-audio`)
  - ffmpeg_kit_flutter_audio (from `.symlinks/plugins/ffmpeg_kit_flutter_audio/ios`)
  - Flutter (from `Flutter`)
  - google_mlkit_barcode_scanning (from `.symlinks/plugins/google_mlkit_barcode_scanning/ios`)
  - google_mlkit_commons (from `.symlinks/plugins/google_mlkit_commons/ios`)
  - google_mlkit_face_detection (from `.symlinks/plugins/google_mlkit_face_detection/ios`)
  - google_mlkit_text_recognition (from `.symlinks/plugins/google_mlkit_text_recognition/ios`)
  - image_gallery_saver_plus (from `.symlinks/plugins/image_gallery_saver_plus/ios`)
  - open_filex (from `.symlinks/plugins/open_filex/ios`)
  - path_provider_foundation (from `.symlinks/plugins/path_provider_foundation/darwin`)
  - video_player_avfoundation (from `.symlinks/plugins/video_player_avfoundation/darwin`)

SPEC REPOS:
  trunk:
    - GoogleDataTransport
    - GoogleMLKit
    - GoogleToolboxForMac
    - GoogleUtilities
    - GTMSessionFetcher
    - MLImage
    - MLKitBarcodeScanning
    - MLKitCommon
    - MLKitFaceDetection
    - MLKitTextRecognition
    - MLKitTextRecognitionCommon
    - MLKitVision
    - nanopb
    - PromisesObjC

EXTERNAL SOURCES:
  camerawesome:
    :path: ".symlinks/plugins/camerawesome/ios"
  ffmpeg-kit-ios-audio:
    :path: "/Users/apple/Downloads/GitHub/CamerAwesome/example/ios/Frameworks/ffmpeg-kit-ios-audio"
  ffmpeg_kit_flutter_audio:
    :path: ".symlinks/plugins/ffmpeg_kit_flutter_audio/ios"
  Flutter:
    :path: Flutter
  google_mlkit_barcode_scanning:
    :path: ".symlinks/plugins/google_mlkit_barcode_scanning/ios"
  google_mlkit_commons:
    :path: ".symlinks/plugins/google_mlkit_commons/ios"
  google_mlkit_face_detection:
    :path: ".symlinks/plugins/google_mlkit_face_detection/ios"
  google_mlkit_text_recognition:
    :path: ".symlinks/plugins/google_mlkit_text_recognition/ios"
  image_gallery_saver_plus:
    :path: ".symlinks/plugins/image_gallery_saver_plus/ios"
  open_filex:
    :path: ".symlinks/plugins/open_filex/ios"
  path_provider_foundation:
    :path: ".symlinks/plugins/path_provider_foundation/darwin"
  video_player_avfoundation:
    :path: ".symlinks/plugins/video_player_avfoundation/darwin"

SPEC CHECKSUMS:
  camerawesome: a961fa32dafc00d2f093d824311c84f849586b58
  ffmpeg-kit-ios-audio: 999c896e4947ce2e76ad52a49399fa7d587b2369
  ffmpeg_kit_flutter_audio: bd461be2262798d0d1b3cd7d1a6f8b64f09add65
  Flutter: e0871f40cf51350855a761d2e70bf5af5b9b5de7
  google_mlkit_barcode_scanning: 8f5987f244a43fe1167689c548342a5174108159
  google_mlkit_commons: 2abe6a70e1824e431d16a51085cb475b672c8aab
  google_mlkit_face_detection: 754da2113a1952f063c7c5dc347ac6ae8934fb77
  google_mlkit_text_recognition: ec2122ec89bfe0d7200763336a6e4ef44810674c
  GoogleDataTransport: aae35b7ea0c09004c3797d53c8c41f66f219d6a7
  GoogleMLKit: eff9e23ec1d90ea4157a1ee2e32a4f610c5b3318
  GoogleToolboxForMac: d1a2cbf009c453f4d6ded37c105e2f67a32206d8
  GoogleUtilities: 26a3abef001b6533cf678d3eb38fd3f614b7872d
  GTMSessionFetcher: 5aea5ba6bd522a239e236100971f10cb71b96ab6
  image_gallery_saver_plus: e597bf65a7846979417a3eae0763b71b6dfec6c3
  MLImage: 0ad1c5f50edd027672d8b26b0fee78a8b4a0fc56
  MLKitBarcodeScanning: 0a3064da0a7f49ac24ceb3cb46a5bc67496facd2
  MLKitCommon: 07c2c33ae5640e5380beaaa6e4b9c249a205542d
  MLKitFaceDetection: 2a593db4837db503ad3426b565e7aab045cefea5
  MLKitTextRecognition: 3b41f3ff084a79afb214408d25d2068d77ab322c
  MLKitTextRecognitionCommon: cd44577a8c506fc6bba065096de03bec0d01a213
  MLKitVision: 45e79d68845a2de77e2dd4d7f07947f0ed157b0e
  nanopb: fad817b59e0457d11a5dfbde799381cd727c1275
  open_filex: 432f3cd11432da3e39f47fcc0df2b1603854eff1
  path_provider_foundation: 080d55be775b7414fd5a5ef3ac137b97b097e564
  PromisesObjC: f5707f49cb48b9636751c5b2e7d227e43fba9f47
  video_player_avfoundation: 2cef49524dd1f16c5300b9cd6efd9611ce03639b

PODFILE CHECKSUM: 94e20e3a5a5daa872cb8a07f496a874d875752bc

COCOAPODS: 1.16.2
